{
  "requires": true,
  "lockfileVersion": 1,
  "dependencies": {
    "camelcase": {
      "version": "5.3.1",
      "resolved": "https://registry.npmjs.org/camelcase/-/camelcase-5.3.1.tgz",
      "integrity": "sha512-L28STB170nwWS63UjtlEOE3dldQApaJXZkOI1uMFfzf3rRuPegHaHesyee+YxQ+W6SvRDQV6UrdOdRiR153wJg=="
    },
    "react-hook-form": {
      "version": "6.11.3",
      "resolved": "https://registry.npmjs.org/react-hook-form/-/react-hook-form-6.11.3.tgz",
      "integrity": "sha512-RWBQ2FdCI6B247hna8LM1oPThvZiGM8wJkTTOLHRHhSBgD5JrTBYOrteLRo7qKXP9CdVYSAK1kjPs1JCqeWb3g=="
    },
    "react-icons": {
      "version": "3.11.0",
      "resolved": "https://registry.npmjs.org/react-icons/-/react-icons-3.11.0.tgz",
      "integrity": "sha512-JRgiI/vdF6uyBgyZhVyYJUZAop95Sy4XDe/jmT3R/bKliFWpO/uZBwvSjWEdxwzec7SYbEPNPck0Kff2tUGM2Q==",
      "requires": {
        "camelcase": "^5.0.0"
      }
    }
  }
}
